
Microsoft Visual Studio Solution File, Format Version 12.00
# Visual Studio 2012
Project("{D954291E-2A0B-460D-934E-DC6B0785DB48}") = "FeatureDemo.Core", "FeatureDemo.Core\FeatureDemo.Core.shproj", "{8814BA8D-1BF2-4458-96DC-AE9056AD2A9B}"
EndProject
Project("{FAE04EC0-301F-11D3-BF4B-00C04F79EFBC}") = "FeatureDemo.Core.Droid", "Droid\FeatureDemo.Core.Droid.csproj", "{426DF356-7519-4CEA-ABC2-51E03E9C590A}"
EndProject
Project("{FAE04EC0-301F-11D3-BF4B-00C04F79EFBC}") = "FeatureDemo.Core.iOS", "iOS\FeatureDemo.Core.iOS.csproj", "{25FB27F4-A2E1-489E-8C6C-FC06203AD7D7}"
EndProject
Project("{FAE04EC0-301F-11D3-BF4B-00C04F79EFBC}") = "FeatureDemo.Api", "FeatureDemo.Api\FeatureDemo.Api.csproj", "{1C9A3F68-19CD-4E8C-AD49-29008D04EAE7}"
EndProject
Project("{D954291E-2A0B-460D-934E-DC6B0785DB48}") = "FeatureDemo.Model", "FeatureDemo.Model\FeatureDemo.Model.shproj", "{E2F9692A-D46A-41C5-9649-812675E62B4A}"
EndProject
Project("{FAE04EC0-301F-11D3-BF4B-00C04F79EFBC}") = "FeatureDemo.Identity", "FeatureDemo.Identity\FeatureDemo.Identity.csproj", "{1845299C-9A2C-45F4-B858-FA8D2F078AD6}"
EndProject
Global
	GlobalSection(SolutionConfigurationPlatforms) = preSolution
		Debug|iPhoneSimulator = Debug|iPhoneSimulator
		Release|iPhone = Release|iPhone
		Release|iPhoneSimulator = Release|iPhoneSimulator
		Debug|iPhone = Debug|iPhone
		Debug|Any CPU = Debug|Any CPU
		Release|Any CPU = Release|Any CPU
	EndGlobalSection
	GlobalSection(ProjectConfigurationPlatforms) = postSolution
		{426DF356-7519-4CEA-ABC2-51E03E9C590A}.Debug|iPhoneSimulator.ActiveCfg = Debug|Any CPU
		{426DF356-7519-4CEA-ABC2-51E03E9C590A}.Debug|iPhoneSimulator.Build.0 = Debug|Any CPU
		{426DF356-7519-4CEA-ABC2-51E03E9C590A}.Release|iPhone.ActiveCfg = Release|Any CPU
		{426DF356-7519-4CEA-ABC2-51E03E9C590A}.Release|iPhone.Build.0 = Release|Any CPU
		{426DF356-7519-4CEA-ABC2-51E03E9C590A}.Release|iPhoneSimulator.ActiveCfg = Release|Any CPU
		{426DF356-7519-4CEA-ABC2-51E03E9C590A}.Release|iPhoneSimulator.Build.0 = Release|Any CPU
		{426DF356-7519-4CEA-ABC2-51E03E9C590A}.Debug|iPhone.ActiveCfg = Debug|Any CPU
		{426DF356-7519-4CEA-ABC2-51E03E9C590A}.Debug|iPhone.Build.0 = Debug|Any CPU
		{426DF356-7519-4CEA-ABC2-51E03E9C590A}.Debug|Any CPU.ActiveCfg = Debug|Any CPU
		{426DF356-7519-4CEA-ABC2-51E03E9C590A}.Debug|Any CPU.Build.0 = Debug|Any CPU
		{426DF356-7519-4CEA-ABC2-51E03E9C590A}.Release|Any CPU.ActiveCfg = Release|Any CPU
		{426DF356-7519-4CEA-ABC2-51E03E9C590A}.Release|Any CPU.Build.0 = Release|Any CPU
		{25FB27F4-A2E1-489E-8C6C-FC06203AD7D7}.Debug|iPhoneSimulator.ActiveCfg = Debug|iPhoneSimulator
		{25FB27F4-A2E1-489E-8C6C-FC06203AD7D7}.Debug|iPhoneSimulator.Build.0 = Debug|iPhoneSimulator
		{25FB27F4-A2E1-489E-8C6C-FC06203AD7D7}.Release|iPhone.ActiveCfg = Release|iPhone
		{25FB27F4-A2E1-489E-8C6C-FC06203AD7D7}.Release|iPhone.Build.0 = Release|iPhone
		{25FB27F4-A2E1-489E-8C6C-FC06203AD7D7}.Release|iPhoneSimulator.ActiveCfg = Release|iPhoneSimulator
		{25FB27F4-A2E1-489E-8C6C-FC06203AD7D7}.Release|iPhoneSimulator.Build.0 = Release|iPhoneSimulator
		{25FB27F4-A2E1-489E-8C6C-FC06203AD7D7}.Debug|iPhone.ActiveCfg = Debug|iPhone
		{25FB27F4-A2E1-489E-8C6C-FC06203AD7D7}.Debug|iPhone.Build.0 = Debug|iPhone
		{25FB27F4-A2E1-489E-8C6C-FC06203AD7D7}.Debug|Any CPU.ActiveCfg = Debug|iPhoneSimulator
		{25FB27F4-A2E1-489E-8C6C-FC06203AD7D7}.Debug|Any CPU.Build.0 = Debug|iPhoneSimulator
		{25FB27F4-A2E1-489E-8C6C-FC06203AD7D7}.Release|Any CPU.ActiveCfg = Release|iPhone
		{25FB27F4-A2E1-489E-8C6C-FC06203AD7D7}.Release|Any CPU.Build.0 = Release|iPhone
		{1C9A3F68-19CD-4E8C-AD49-29008D04EAE7}.Debug|iPhoneSimulator.ActiveCfg = Debug|Any CPU
		{1C9A3F68-19CD-4E8C-AD49-29008D04EAE7}.Debug|iPhoneSimulator.Build.0 = Debug|Any CPU
		{1C9A3F68-19CD-4E8C-AD49-29008D04EAE7}.Release|iPhone.ActiveCfg = Release|Any CPU
		{1C9A3F68-19CD-4E8C-AD49-29008D04EAE7}.Release|iPhone.Build.0 = Release|Any CPU
		{1C9A3F68-19CD-4E8C-AD49-29008D04EAE7}.Release|iPhoneSimulator.ActiveCfg = Release|Any CPU
		{1C9A3F68-19CD-4E8C-AD49-29008D04EAE7}.Release|iPhoneSimulator.Build.0 = Release|Any CPU
		{1C9A3F68-19CD-4E8C-AD49-29008D04EAE7}.Debug|iPhone.ActiveCfg = Debug|Any CPU
		{1C9A3F68-19CD-4E8C-AD49-29008D04EAE7}.Debug|iPhone.Build.0 = Debug|Any CPU
		{1C9A3F68-19CD-4E8C-AD49-29008D04EAE7}.Debug|Any CPU.ActiveCfg = Debug|Any CPU
		{1C9A3F68-19CD-4E8C-AD49-29008D04EAE7}.Debug|Any CPU.Build.0 = Debug|Any CPU
		{1C9A3F68-19CD-4E8C-AD49-29008D04EAE7}.Release|Any CPU.ActiveCfg = Release|Any CPU
		{1C9A3F68-19CD-4E8C-AD49-29008D04EAE7}.Release|Any CPU.Build.0 = Release|Any CPU
		{1845299C-9A2C-45F4-B858-FA8D2F078AD6}.Debug|iPhoneSimulator.ActiveCfg = Debug|Any CPU
		{1845299C-9A2C-45F4-B858-FA8D2F078AD6}.Debug|iPhoneSimulator.Build.0 = Debug|Any CPU
		{1845299C-9A2C-45F4-B858-FA8D2F078AD6}.Release|iPhone.ActiveCfg = Release|Any CPU
		{1845299C-9A2C-45F4-B858-FA8D2F078AD6}.Release|iPhone.Build.0 = Release|Any CPU
		{1845299C-9A2C-45F4-B858-FA8D2F078AD6}.Release|iPhoneSimulator.ActiveCfg = Release|Any CPU
		{1845299C-9A2C-45F4-B858-FA8D2F078AD6}.Release|iPhoneSimulator.Build.0 = Release|Any CPU
		{1845299C-9A2C-45F4-B858-FA8D2F078AD6}.Debug|iPhone.ActiveCfg = Debug|Any CPU
		{1845299C-9A2C-45F4-B858-FA8D2F078AD6}.Debug|iPhone.Build.0 = Debug|Any CPU
		{1845299C-9A2C-45F4-B858-FA8D2F078AD6}.Debug|Any CPU.ActiveCfg = Debug|Any CPU
		{1845299C-9A2C-45F4-B858-FA8D2F078AD6}.Debug|Any CPU.Build.0 = Debug|Any CPU
		{1845299C-9A2C-45F4-B858-FA8D2F078AD6}.Release|Any CPU.ActiveCfg = Release|Any CPU
		{1845299C-9A2C-45F4-B858-FA8D2F078AD6}.Release|Any CPU.Build.0 = Release|Any CPU
	EndGlobalSection
EndGlobal
